// !$*UTF8*$!
{
	archiveVersion = 1;
	classes = {
	};
	objectVersion = 50;
	objects = {

/* Begin PBXBuildFile section */
		6E929C3726199C1F00660A30 /* TimeCountView.swift in Sources */ = {isa = PBXBuildFile; fileRef = 6E929C3626199C1F00660A30 /* TimeCountView.swift */; };
		6E929C3D26199E6600660A30 /* BackButtonView.swift in Sources */ = {isa = PBXBuildFile; fileRef = 6E929C3C26199E6600660A30 /* BackButtonView.swift */; };
		6E929C4B2619A12600660A30 /* TimeTextView.swift in Sources */ = {isa = PBXBuildFile; fileRef = 6E929C4A2619A12600660A30 /* TimeTextView.swift */; };
		6E929C5E2619A79C00660A30 /* TimeSettingView.swift in Sources */ = {isa = PBXBuildFile; fileRef = 6E929C5D2619A79C00660A30 /* TimeSettingView.swift */; };
		6E929C632619A9B900660A30 /* PickerView.swift in Sources */ = {isa = PBXBuildFile; fileRef = 6E929C622619A9B900660A30 /* PickerView.swift */; };
		6E929C682619A9D600660A30 /* StartButtonView.swift in Sources */ = {isa = PBXBuildFile; fileRef = 6E929C672619A9D600660A30 /* StartButtonView.swift */; };
		6E929C702619AA2500660A30 /* MusicSelectView.swift in Sources */ = {isa = PBXBuildFile; fileRef = 6E929C6F2619AA2500660A30 /* MusicSelectView.swift */; };
		D8C7176526198B2D00E4F10B /* BigTimerApp.swift in Sources */ = {isa = PBXBuildFile; fileRef = D8C7176426198B2D00E4F10B /* BigTimerApp.swift */; };
		D8C7176926198B3000E4F10B /* Assets.xcassets in Resources */ = {isa = PBXBuildFile; fileRef = D8C7176826198B3000E4F10B /* Assets.xcassets */; };
		D8C7176C26198B3000E4F10B /* Preview Assets.xcassets in Resources */ = {isa = PBXBuildFile; fileRef = D8C7176B26198B3000E4F10B /* Preview Assets.xcassets */; };
		D8C7177726198B3000E4F10B /* BigTimerTests.swift in Sources */ = {isa = PBXBuildFile; fileRef = D8C7177626198B3000E4F10B /* BigTimerTests.swift */; };
		D8C7178226198B3000E4F10B /* BigTimerUITests.swift in Sources */ = {isa = PBXBuildFile; fileRef = D8C7178126198B3000E4F10B /* BigTimerUITests.swift */; };
/* End PBXBuildFile section */

/* Begin PBXContainerItemProxy section */
		D8C7177326198B3000E4F10B /* PBXContainerItemProxy */ = {
			isa = PBXContainerItemProxy;
			containerPortal = D8C7175926198B2D00E4F10B /* Project object */;
			proxyType = 1;
			remoteGlobalIDString = D8C7176026198B2D00E4F10B;
			remoteInfo = BigTimer;
		};
		D8C7177E26198B3000E4F10B /* PBXContainerItemProxy */ = {
			isa = PBXContainerItemProxy;
			containerPortal = D8C7175926198B2D00E4F10B /* Project object */;
			proxyType = 1;
			remoteGlobalIDString = D8C7176026198B2D00E4F10B;
			remoteInfo = BigTimer;
		};
/* End PBXContainerItemProxy section */

/* Begin PBXFileReference section */
		6E929C3626199C1F00660A30 /* TimeCountView.swift */ = {isa = PBXFileReference; lastKnownFileType = sourcecode.swift; path = TimeCountView.swift; sourceTree = "<group>"; };
		6E929C3C26199E6600660A30 /* BackButtonView.swift */ = {isa = PBXFileReference; lastKnownFileType = sourcecode.swift; path = BackButtonView.swift; sourceTree = "<group>"; };
		6E929C4A2619A12600660A30 /* TimeTextView.swift */ = {isa = PBXFileReference; lastKnownFileType = sourcecode.swift; path = TimeTextView.swift; sourceTree = "<group>"; };
		6E929C5D2619A79C00660A30 /* TimeSettingView.swift */ = {isa = PBXFileReference; lastKnownFileType = sourcecode.swift; path = TimeSettingView.swift; sourceTree = "<group>"; };
		6E929C622619A9B900660A30 /* PickerView.swift */ = {isa = PBXFileReference; lastKnownFileType = sourcecode.swift; path = PickerView.swift; sourceTree = "<group>"; };
		6E929C672619A9D600660A30 /* StartButtonView.swift */ = {isa = PBXFileReference; lastKnownFileType = sourcecode.swift; path = StartButtonView.swift; sourceTree = "<group>"; };
		6E929C6F2619AA2500660A30 /* MusicSelectView.swift */ = {isa = PBXFileReference; lastKnownFileType = sourcecode.swift; path = MusicSelectView.swift; sourceTree = "<group>"; };
		D8C7176126198B2D00E4F10B /* BigTimer.app */ = {isa = PBXFileReference; explicitFileType = wrapper.application; includeInIndex = 0; path = BigTimer.app; sourceTree = BUILT_PRODUCTS_DIR; };
		D8C7176426198B2D00E4F10B /* BigTimerApp.swift */ = {isa = PBXFileReference; lastKnownFileType = sourcecode.swift; path = BigTimerApp.swift; sourceTree = "<group>"; };
		D8C7176826198B3000E4F10B /* Assets.xcassets */ = {isa = PBXFileReference; lastKnownFileType = folder.assetcatalog; path = Assets.xcassets; sourceTree = "<group>"; };
		D8C7176B26198B3000E4F10B /* Preview Assets.xcassets */ = {isa = PBXFileReference; lastKnownFileType = folder.assetcatalog; path = "Preview Assets.xcassets"; sourceTree = "<group>"; };
		D8C7176D26198B3000E4F10B /* Info.plist */ = {isa = PBXFileReference; lastKnownFileType = text.plist.xml; path = Info.plist; sourceTree = "<group>"; };
		D8C7177226198B3000E4F10B /* BigTimerTests.xctest */ = {isa = PBXFileReference; explicitFileType = wrapper.cfbundle; includeInIndex = 0; path = BigTimerTests.xctest; sourceTree = BUILT_PRODUCTS_DIR; };
		D8C7177626198B3000E4F10B /* BigTimerTests.swift */ = {isa = PBXFileReference; lastKnownFileType = sourcecode.swift; path = BigTimerTests.swift; sourceTree = "<group>"; };
		D8C7177826198B3000E4F10B /* Info.plist */ = {isa = PBXFileReference; lastKnownFileType = text.plist.xml; path = Info.plist; sourceTree = "<group>"; };
		D8C7177D26198B3000E4F10B /* BigTimerUITests.xctest */ = {isa = PBXFileReference; explicitFileType = wrapper.cfbundle; includeInIndex = 0; path = BigTimerUITests.xctest; sourceTree = BUILT_PRODUCTS_DIR; };
		D8C7178126198B3000E4F10B /* BigTimerUITests.swift */ = {isa = PBXFileReference; lastKnownFileType = sourcecode.swift; path = BigTimerUITests.swift; sourceTree = "<group>"; };
		D8C7178326198B3000E4F10B /* Info.plist */ = {isa = PBXFileReference; lastKnownFileType = text.plist.xml; path = Info.plist; sourceTree = "<group>"; };
/* End PBXFileReference section */

/* Begin PBXFrameworksBuildPhase section */
		D8C7175E26198B2D00E4F10B /* Frameworks */ = {
			isa = PBXFrameworksBuildPhase;
			buildActionMask = 2147483647;
			files = (
			);
			runOnlyForDeploymentPostprocessing = 0;
		};
		D8C7176F26198B3000E4F10B /* Frameworks */ = {
			isa = PBXFrameworksBuildPhase;
			buildActionMask = 2147483647;
			files = (
			);
			runOnlyForDeploymentPostprocessing = 0;
		};
		D8C7177A26198B3000E4F10B /* Frameworks */ = {
			isa = PBXFrameworksBuildPhase;
			buildActionMask = 2147483647;
			files = (
			);
			runOnlyForDeploymentPostprocessing = 0;
		};
/* End PBXFrameworksBuildPhase section */

/* Begin PBXGroup section */
		6E929C3B26199E3400660A30 /* Components */ = {
			isa = PBXGroup;
			children = (
				6E929C3C26199E6600660A30 /* BackButtonView.swift */,
				6E929C6F2619AA2500660A30 /* MusicSelectView.swift */,
				6E929C4A2619A12600660A30 /* TimeTextView.swift */,
				6E929C622619A9B900660A30 /* PickerView.swift */,
				6E929C672619A9D600660A30 /* StartButtonView.swift */,
			);
			path = Components;
			sourceTree = "<group>";
		};
		D8C7175826198B2D00E4F10B = {
			isa = PBXGroup;
			children = (
				D8C7176326198B2D00E4F10B /* BigTimer */,
				D8C7177526198B3000E4F10B /* BigTimerTests */,
				D8C7178026198B3000E4F10B /* BigTimerUITests */,
				D8C7176226198B2D00E4F10B /* Products */,
			);
			sourceTree = "<group>";
		};
		D8C7176226198B2D00E4F10B /* Products */ = {
			isa = PBXGroup;
			children = (
				D8C7176126198B2D00E4F10B /* BigTimer.app */,
				D8C7177226198B3000E4F10B /* BigTimerTests.xctest */,
				D8C7177D26198B3000E4F10B /* BigTimerUITests.xctest */,
			);
			name = Products;
			sourceTree = "<group>";
		};
		D8C7176326198B2D00E4F10B /* BigTimer */ = {
			isa = PBXGroup;
			children = (
				D8C7176426198B2D00E4F10B /* BigTimerApp.swift */,
				D8C717952619974B00E4F10B /* ViewModel */,
				D8C717932619971D00E4F10B /* View */,
				D8C71792261996FE00E4F10B /* Model */,
				D8C7176826198B3000E4F10B /* Assets.xcassets */,
				D8C7176D26198B3000E4F10B /* Info.plist */,
				D8C7176A26198B3000E4F10B /* Preview Content */,
			);
			path = BigTimer;
			sourceTree = "<group>";
		};
		D8C7176A26198B3000E4F10B /* Preview Content */ = {
			isa = PBXGroup;
			children = (
				D8C7176B26198B3000E4F10B /* Preview Assets.xcassets */,
			);
			path = "Preview Content";
			sourceTree = "<group>";
		};
		D8C7177526198B3000E4F10B /* BigTimerTests */ = {
			isa = PBXGroup;
			children = (
				D8C7177626198B3000E4F10B /* BigTimerTests.swift */,
				D8C7177826198B3000E4F10B /* Info.plist */,
			);
			path = BigTimerTests;
			sourceTree = "<group>";
		};
		D8C7178026198B3000E4F10B /* BigTimerUITests */ = {
			isa = PBXGroup;
			children = (
				D8C7178126198B3000E4F10B /* BigTimerUITests.swift */,
				D8C7178326198B3000E4F10B /* Info.plist */,
			);
			path = BigTimerUITests;
			sourceTree = "<group>";
		};
		D8C71792261996FE00E4F10B /* Model */ = {
			isa = PBXGroup;
			children = (
			);
			path = Model;
			sourceTree = "<group>";
		};
		D8C717932619971D00E4F10B /* View */ = {
			isa = PBXGroup;
			children = (
				6E929C3B26199E3400660A30 /* Components */,
				6E929C3626199C1F00660A30 /* TimeCountView.swift */,
				6E929C5D2619A79C00660A30 /* TimeSettingView.swift */,
			);
			path = View;
			sourceTree = "<group>";
		};
		D8C717952619974B00E4F10B /* ViewModel */ = {
			isa = PBXGroup;
			children = (
			);
			path = ViewModel;
			sourceTree = "<group>";
		};
/* End PBXGroup section */

/* Begin PBXNativeTarget section */
		D8C7176026198B2D00E4F10B /* BigTimer */ = {
			isa = PBXNativeTarget;
			buildConfigurationList = D8C7178626198B3000E4F10B /* Build configuration list for PBXNativeTarget "BigTimer" */;
			buildPhases = (
				D8C7175D26198B2D00E4F10B /* Sources */,
				D8C7175E26198B2D00E4F10B /* Frameworks */,
				D8C7175F26198B2D00E4F10B /* Resources */,
			);
			buildRules = (
			);
			dependencies = (
			);
			name = BigTimer;
			productName = BigTimer;
			productReference = D8C7176126198B2D00E4F10B /* BigTimer.app */;
			productType = "com.apple.product-type.application";
		};
		D8C7177126198B3000E4F10B /* BigTimerTests */ = {
			isa = PBXNativeTarget;
			buildConfigurationList = D8C7178926198B3000E4F10B /* Build configuration list for PBXNativeTarget "BigTimerTests" */;
			buildPhases = (
				D8C7176E26198B3000E4F10B /* Sources */,
				D8C7176F26198B3000E4F10B /* Frameworks */,
				D8C7177026198B3000E4F10B /* Resources */,
			);
			buildRules = (
			);
			dependencies = (
				D8C7177426198B3000E4F10B /* PBXTargetDependency */,
			);
			name = BigTimerTests;
			productName = BigTimerTests;
			productReference = D8C7177226198B3000E4F10B /* BigTimerTests.xctest */;
			productType = "com.apple.product-type.bundle.unit-test";
		};
		D8C7177C26198B3000E4F10B /* BigTimerUITests */ = {
			isa = PBXNativeTarget;
			buildConfigurationList = D8C7178C26198B3000E4F10B /* Build configuration list for PBXNativeTarget "BigTimerUITests" */;
			buildPhases = (
				D8C7177926198B3000E4F10B /* Sources */,
				D8C7177A26198B3000E4F10B /* Frameworks */,
				D8C7177B26198B3000E4F10B /* Resources */,
			);
			buildRules = (
			);
			dependencies = (
				D8C7177F26198B3000E4F10B /* PBXTargetDependency */,
			);
			name = BigTimerUITests;
			productName = BigTimerUITests;
			productReference = D8C7177D26198B3000E4F10B /* BigTimerUITests.xctest */;
			productType = "com.apple.product-type.bundle.ui-testing";
		};
/* End PBXNativeTarget section */

/* Begin PBXProject section */
		D8C7175926198B2D00E4F10B /* Project object */ = {
			isa = PBXProject;
			attributes = {
				LastSwiftUpdateCheck = 1240;
				LastUpgradeCheck = 1240;
				TargetAttributes = {
					D8C7176026198B2D00E4F10B = {
						CreatedOnToolsVersion = 12.4;
					};
					D8C7177126198B3000E4F10B = {
						CreatedOnToolsVersion = 12.4;
						TestTargetID = D8C7176026198B2D00E4F10B;
					};
					D8C7177C26198B3000E4F10B = {
						CreatedOnToolsVersion = 12.4;
						TestTargetID = D8C7176026198B2D00E4F10B;
					};
				};
			};
			buildConfigurationList = D8C7175C26198B2D00E4F10B /* Build configuration list for PBXProject "BigTimer" */;
			compatibilityVersion = "Xcode 9.3";
			developmentRegion = en;
			hasScannedForEncodings = 0;
			knownRegions = (
				en,
				Base,
			);
			mainGroup = D8C7175826198B2D00E4F10B;
			productRefGroup = D8C7176226198B2D00E4F10B /* Products */;
			projectDirPath = "";
			projectRoot = "";
			targets = (
				D8C7176026198B2D00E4F10B /* BigTimer */,
				D8C7177126198B3000E4F10B /* BigTimerTests */,
				D8C7177C26198B3000E4F10B /* BigTimerUITests */,
			);
		};
/* End PBXProject section */

/* Begin PBXResourcesBuildPhase section */
		D8C7175F26198B2D00E4F10B /* Resources */ = {
			isa = PBXResourcesBuildPhase;
			buildActionMask = 2147483647;
			files = (
				D8C7176C26198B3000E4F10B /* Preview Assets.xcassets in Resources */,
				D8C7176926198B3000E4F10B /* Assets.xcassets in Resources */,
			);
			runOnlyForDeploymentPostprocessing = 0;
		};
		D8C7177026198B3000E4F10B /* Resources */ = {
			isa = PBXResourcesBuildPhase;
			buildActionMask = 2147483647;
			files = (
			);
			runOnlyForDeploymentPostprocessing = 0;
		};
		D8C7177B26198B3000E4F10B /* Resources */ = {
			isa = PBXResourcesBuildPhase;
			buildActionMask = 2147483647;
			files = (
			);
			runOnlyForDeploymentPostprocessing = 0;
		};
/* End PBXResourcesBuildPhase section */

/* Begin PBXSourcesBuildPhase section */
		D8C7175D26198B2D00E4F10B /* Sources */ = {
			isa = PBXSourcesBuildPhase;
			buildActionMask = 2147483647;
			files = (
				6E929C3D26199E6600660A30 /* BackButtonView.swift in Sources */,
				6E929C632619A9B900660A30 /* PickerView.swift in Sources */,
				6E929C5E2619A79C00660A30 /* TimeSettingView.swift in Sources */,
				6E929C3726199C1F00660A30 /* TimeCountView.swift in Sources */,
				6E929C702619AA2500660A30 /* MusicSelectView.swift in Sources */,
				6E929C682619A9D600660A30 /* StartButtonView.swift in Sources */,
				D8C7176526198B2D00E4F10B /* BigTimerApp.swift in Sources */,
				6E929C4B2619A12600660A30 /* TimeTextView.swift in Sources */,
			);
			runOnlyForDeploymentPostprocessing = 0;
		};
		D8C7176E26198B3000E4F10B /* Sources */ = {
			isa = PBXSourcesBuildPhase;
			buildActionMask = 2147483647;
			files = (
				D8C7177726198B3000E4F10B /* BigTimerTests.swift in Sources */,
			);
			runOnlyForDeploymentPostprocessing = 0;
		};
		D8C7177926198B3000E4F10B /* Sources */ = {
			isa = PBXSourcesBuildPhase;
			buildActionMask = 2147483647;
			files = (
				D8C7178226198B3000E4F10B /* BigTimerUITests.swift in Sources */,
			);
			runOnlyForDeploymentPostprocessing = 0;
		};
/* End PBXSourcesBuildPhase section */

/* Begin PBXTargetDependency section */
		D8C7177426198B3000E4F10B /* PBXTargetDependency */ = {
			isa = PBXTargetDependency;
			target = D8C7176026198B2D00E4F10B /* BigTimer */;
			targetProxy = D8C7177326198B3000E4F10B /* PBXContainerItemProxy */;
		};
		D8C7177F26198B3000E4F10B /* PBXTargetDependency */ = {
			isa = PBXTargetDependency;
			target = D8C7176026198B2D00E4F10B /* BigTimer */;
			targetProxy = D8C7177E26198B3000E4F10B /* PBXContainerItemProxy */;
		};
/* End PBXTargetDependency section */

/* Begin XCBuildConfiguration section */
		D8C7178426198B3000E4F10B /* Debug */ = {
			isa = XCBuildConfiguration;
			buildSettings = {
				ALWAYS_SEARCH_USER_PATHS = NO;
				CLANG_ANALYZER_NONNULL = YES;
				CLANG_ANALYZER_NUMBER_OBJECT_CONVERSION = YES_AGGRESSIVE;
				CLANG_CXX_LANGUAGE_STANDARD = "gnu++14";
				CLANG_CXX_LIBRARY = "libc++";
				CLANG_ENABLE_MODULES = YES;
				CLANG_ENABLE_OBJC_ARC = YES;
				CLANG_ENABLE_OBJC_WEAK = YES;
				CLANG_WARN_BLOCK_CAPTURE_AUTORELEASING = YES;
				CLANG_WARN_BOOL_CONVERSION = YES;
				CLANG_WARN_COMMA = YES;
				CLANG_WARN_CONSTANT_CONVERSION = YES;
				CLANG_WARN_DEPRECATED_OBJC_IMPLEMENTATIONS = YES;
				CLANG_WARN_DIRECT_OBJC_ISA_USAGE = YES_ERROR;
				CLANG_WARN_DOCUMENTATION_COMMENTS = YES;
				CLANG_WARN_EMPTY_BODY = YES;
				CLANG_WARN_ENUM_CONVERSION = YES;
				CLANG_WARN_INFINITE_RECURSION = YES;
				CLANG_WARN_INT_CONVERSION = YES;
				CLANG_WARN_NON_LITERAL_NULL_CONVERSION = YES;
				CLANG_WARN_OBJC_IMPLICIT_RETAIN_SELF = YES;
				CLANG_WARN_OBJC_LITERAL_CONVERSION = YES;
				CLANG_WARN_OBJC_ROOT_CLASS = YES_ERROR;
				CLANG_WARN_QUOTED_INCLUDE_IN_FRAMEWORK_HEADER = YES;
				CLANG_WARN_RANGE_LOOP_ANALYSIS = YES;
				CLANG_WARN_STRICT_PROTOTYPES = YES;
				CLANG_WARN_SUSPICIOUS_MOVE = YES;
				CLANG_WARN_UNGUARDED_AVAILABILITY = YES_AGGRESSIVE;
				CLANG_WARN_UNREACHABLE_CODE = YES;
				CLANG_WARN__DUPLICATE_METHOD_MATCH = YES;
				COPY_PHASE_STRIP = NO;
				DEBUG_INFORMATION_FORMAT = dwarf;
				ENABLE_STRICT_OBJC_MSGSEND = YES;
				ENABLE_TESTABILITY = YES;
				GCC_C_LANGUAGE_STANDARD = gnu11;
				GCC_DYNAMIC_NO_PIC = NO;
				GCC_NO_COMMON_BLOCKS = YES;
				GCC_OPTIMIZATION_LEVEL = 0;
				GCC_PREPROCESSOR_DEFINITIONS = (
					"DEBUG=1",
					"$(inherited)",
				);
				GCC_WARN_64_TO_32_BIT_CONVERSION = YES;
				GCC_WARN_ABOUT_RETURN_TYPE = YES_ERROR;
				GCC_WARN_UNDECLARED_SELECTOR = YES;
				GCC_WARN_UNINITIALIZED_AUTOS = YES_AGGRESSIVE;
				GCC_WARN_UNUSED_FUNCTION = YES;
				GCC_WARN_UNUSED_VARIABLE = YES;
				IPHONEOS_DEPLOYMENT_TARGET = 14.4;
				MTL_ENABLE_DEBUG_INFO = INCLUDE_SOURCE;
				MTL_FAST_MATH = YES;
				ONLY_ACTIVE_ARCH = YES;
				SDKROOT = iphoneos;
				SWIFT_ACTIVE_COMPILATION_CONDITIONS = DEBUG;
				SWIFT_OPTIMIZATION_LEVEL = "-Onone";
			};
			name = Debug;
		};
		D8C7178526198B3000E4F10B /* Release */ = {
			isa = XCBuildConfiguration;
			buildSettings = {
				ALWAYS_SEARCH_USER_PATHS = NO;
				CLANG_ANALYZER_NONNULL = YES;
				CLANG_ANALYZER_NUMBER_OBJECT_CONVERSION = YES_AGGRESSIVE;
				CLANG_CXX_LANGUAGE_STANDARD = "gnu++14";
				CLANG_CXX_LIBRARY = "libc++";
				CLANG_ENABLE_MODULES = YES;
				CLANG_ENABLE_OBJC_ARC = YES;
				CLANG_ENABLE_OBJC_WEAK = YES;
				CLANG_WARN_BLOCK_CAPTURE_AUTORELEASING = YES;
				CLANG_WARN_BOOL_CONVERSION = YES;
				CLANG_WARN_COMMA = YES;
				CLANG_WARN_CONSTANT_CONVERSION = YES;
				CLANG_WARN_DEPRECATED_OBJC_IMPLEMENTATIONS = YES;
				CLANG_WARN_DIRECT_OBJC_ISA_USAGE = YES_ERROR;
				CLANG_WARN_DOCUMENTATION_COMMENTS = YES;
				CLANG_WARN_EMPTY_BODY = YES;
				CLANG_WARN_ENUM_CONVERSION = YES;
				CLANG_WARN_INFINITE_RECURSION = YES;
				CLANG_WARN_INT_CONVERSION = YES;
				CLANG_WARN_NON_LITERAL_NULL_CONVERSION = YES;
				CLANG_WARN_OBJC_IMPLICIT_RETAIN_SELF = YES;
				CLANG_WARN_OBJC_LITERAL_CONVERSION = YES;
				CLANG_WARN_OBJC_ROOT_CLASS = YES_ERROR;
				CLANG_WARN_QUOTED_INCLUDE_IN_FRAMEWORK_HEADER = YES;
				CLANG_WARN_RANGE_LOOP_ANALYSIS = YES;
				CLANG_WARN_STRICT_PROTOTYPES = YES;
				CLANG_WARN_SUSPICIOUS_MOVE = YES;
				CLANG_WARN_UNGUARDED_AVAILABILITY = YES_AGGRESSIVE;
				CLANG_WARN_UNREACHABLE_CODE = YES;
				CLANG_WARN__DUPLICATE_METHOD_MATCH = YES;
				COPY_PHASE_STRIP = NO;
				DEBUG_INFORMATION_FORMAT = "dwarf-with-dsym";
				ENABLE_NS_ASSERTIONS = NO;
				ENABLE_STRICT_OBJC_MSGSEND = YES;
				GCC_C_LANGUAGE_STANDARD = gnu11;
				GCC_NO_COMMON_BLOCKS = YES;
				GCC_WARN_64_TO_32_BIT_CONVERSION = YES;
				GCC_WARN_ABOUT_RETURN_TYPE = YES_ERROR;
				GCC_WARN_UNDECLARED_SELECTOR = YES;
				GCC_WARN_UNINITIALIZED_AUTOS = YES_AGGRESSIVE;
				GCC_WARN_UNUSED_FUNCTION = YES;
				GCC_WARN_UNUSED_VARIABLE = YES;
				IPHONEOS_DEPLOYMENT_TARGET = 14.4;
				MTL_ENABLE_DEBUG_INFO = NO;
				MTL_FAST_MATH = YES;
				SDKROOT = iphoneos;
				SWIFT_COMPILATION_MODE = wholemodule;
				SWIFT_OPTIMIZATION_LEVEL = "-O";
				VALIDATE_PRODUCT = YES;
			};
			name = Release;
		};
		D8C7178726198B3000E4F10B /* Debug */ = {
			isa = XCBuildConfiguration;
			buildSettings = {
				ASSETCATALOG_COMPILER_APPICON_NAME = AppIcon;
				ASSETCATALOG_COMPILER_GLOBAL_ACCENT_COLOR_NAME = AccentColor;
				CODE_SIGN_STYLE = Automatic;
				DEVELOPMENT_ASSET_PATHS = "\"BigTimer/Preview Content\"";
				ENABLE_PREVIEWS = YES;
				INFOPLIST_FILE = BigTimer/Info.plist;
				IPHONEOS_DEPLOYMENT_TARGET = 14.0;
				LD_RUNPATH_SEARCH_PATHS = (
					"$(inherited)",
					"@executable_path/Frameworks",
				);
				PRODUCT_BUNDLE_IDENTIFIER = com.example.BigTimer;
				PRODUCT_NAME = "$(TARGET_NAME)";
				SWIFT_VERSION = 5.0;
				TARGETED_DEVICE_FAMILY = "1,2";
			};
			name = Debug;
		};
		D8C7178826198B3000E4F10B /* Release */ = {
			isa = XCBuildConfiguration;
			buildSettings = {
				ASSETCATALOG_COMPILER_APPICON_NAME = AppIcon;
				ASSETCATALOG_COMPILER_GLOBAL_ACCENT_COLOR_NAME = AccentColor;
				CODE_SIGN_STYLE = Automatic;
				DEVELOPMENT_ASSET_PATHS = "\"BigTimer/Preview Content\"";
				ENABLE_PREVIEWS = YES;
				INFOPLIST_FILE = BigTimer/Info.plist;
				IPHONEOS_DEPLOYMENT_TARGET = 14.0;
				LD_RUNPATH_SEARCH_PATHS = (
					"$(inherited)",
					"@executable_path/Frameworks",
				);
				PRODUCT_BUNDLE_IDENTIFIER = com.example.BigTimer;
				PRODUCT_NAME = "$(TARGET_NAME)";
				SWIFT_VERSION = 5.0;
				TARGETED_DEVICE_FAMILY = "1,2";
			};
			name = Release;
		};
		D8C7178A26198B3000E4F10B /* Debug */ = {
			isa = XCBuildConfiguration;
			buildSettings = {
				ALWAYS_EMBED_SWIFT_STANDARD_LIBRARIES = YES;
				BUNDLE_LOADER = "$(TEST_HOST)";
				CODE_SIGN_STYLE = Automatic;
				INFOPLIST_FILE = BigTimerTests/Info.plist;
				IPHONEOS_DEPLOYMENT_TARGET = 14.0;
				LD_RUNPATH_SEARCH_PATHS = (
					"$(inherited)",
					"@executable_path/Frameworks",
					"@loader_path/Frameworks",
				);
				PRODUCT_BUNDLE_IDENTIFIER = com.example.BigTimerTests;
				PRODUCT_NAME = "$(TARGET_NAME)";
				SWIFT_VERSION = 5.0;
				TARGETED_DEVICE_FAMILY = "1,2";
				TEST_HOST = "$(BUILT_PRODUCTS_DIR)/BigTimer.app/BigTimer";
			};
			name = Debug;
		};
		D8C7178B26198B3000E4F10B /* Release */ = {
			isa = XCBuildConfiguration;
			buildSettings = {
				ALWAYS_EMBED_SWIFT_STANDARD_LIBRARIES = YES;
				BUNDLE_LOADER = "$(TEST_HOST)";
				CODE_SIGN_STYLE = Automatic;
				INFOPLIST_FILE = BigTimerTests/Info.plist;
				IPHONEOS_DEPLOYMENT_TARGET = 14.0;
				LD_RUNPATH_SEARCH_PATHS = (
					"$(inherited)",
					"@executable_path/Frameworks",
					"@loader_path/Frameworks",
				);
				PRODUCT_BUNDLE_IDENTIFIER = com.example.BigTimerTests;
				PRODUCT_NAME = "$(TARGET_NAME)";
				SWIFT_VERSION = 5.0;
				TARGETED_DEVICE_FAMILY = "1,2";
				TEST_HOST = "$(BUILT_PRODUCTS_DIR)/BigTimer.app/BigTimer";
			};
			name = Release;
		};
		D8C7178D26198B3000E4F10B /* Debug */ = {
			isa = XCBuildConfiguration;
			buildSettings = {
				ALWAYS_EMBED_SWIFT_STANDARD_LIBRARIES = YES;
				CODE_SIGN_STYLE = Automatic;
				INFOPLIST_FILE = BigTimerUITests/Info.plist;
				LD_RUNPATH_SEARCH_PATHS = (
					"$(inherited)",
					"@executable_path/Frameworks",
					"@loader_path/Frameworks",
				);
				PRODUCT_BUNDLE_IDENTIFIER = com.example.BigTimerUITests;
				PRODUCT_NAME = "$(TARGET_NAME)";
				SWIFT_VERSION = 5.0;
				TARGETED_DEVICE_FAMILY = "1,2";
				TEST_TARGET_NAME = BigTimer;
			};
			name = Debug;
		};
		D8C7178E26198B3000E4F10B /* Release */ = {
			isa = XCBuildConfiguration;
			buildSettings = {
				ALWAYS_EMBED_SWIFT_STANDARD_LIBRARIES = YES;
				CODE_SIGN_STYLE = Automatic;
				INFOPLIST_FILE = BigTimerUITests/Info.plist;
				LD_RUNPATH_SEARCH_PATHS = (
					"$(inherited)",
					"@executable_path/Frameworks",
					"@loader_path/Frameworks",
				);
				PRODUCT_BUNDLE_IDENTIFIER = com.example.BigTimerUITests;
				PRODUCT_NAME = "$(TARGET_NAME)";
				SWIFT_VERSION = 5.0;
				TARGETED_DEVICE_FAMILY = "1,2";
				TEST_TARGET_NAME = BigTimer;
			};
			name = Release;
		};
/* End XCBuildConfiguration section */

/* Begin XCConfigurationList section */
		D8C7175C26198B2D00E4F10B /* Build configuration list for PBXProject "BigTimer" */ = {
			isa = XCConfigurationList;
			buildConfigurations = (
				D8C7178426198B3000E4F10B /* Debug */,
				D8C7178526198B3000E4F10B /* Release */,
			);
			defaultConfigurationIsVisible = 0;
			defaultConfigurationName = Release;
		};
		D8C7178626198B3000E4F10B /* Build configuration list for PBXNativeTarget "BigTimer" */ = {
			isa = XCConfigurationList;
			buildConfigurations = (
				D8C7178726198B3000E4F10B /* Debug */,
				D8C7178826198B3000E4F10B /* Release */,
			);
			defaultConfigurationIsVisible = 0;
			defaultConfigurationName = Release;
		};
		D8C7178926198B3000E4F10B /* Build configuration list for PBXNativeTarget "BigTimerTests" */ = {
			isa = XCConfigurationList;
			buildConfigurations = (
				D8C7178A26198B3000E4F10B /* Debug */,
				D8C7178B26198B3000E4F10B /* Release */,
			);
			defaultConfigurationIsVisible = 0;
			defaultConfigurationName = Release;
		};
		D8C7178C26198B3000E4F10B /* Build configuration list for PBXNativeTarget "BigTimerUITests" */ = {
			isa = XCConfigurationList;
			buildConfigurations = (
				D8C7178D26198B3000E4F10B /* Debug */,
				D8C7178E26198B3000E4F10B /* Release */,
			);
			defaultConfigurationIsVisible = 0;
			defaultConfigurationName = Release;
		};
/* End XCConfigurationList section */
	};
	rootObject = D8C7175926198B2D00E4F10B /* Project object */;
}
